<?xml version="1.0" encoding="utf-8"?>
<Project ToolsVersion="4.0" xmlns="http://schemas.microsoft.com/developer/msbuild/2003">
  <ItemGroup>
    <Filter Include="소스 파일">
      <UniqueIdentifier>{4FC737F1-C7A5-4376-A066-2A32D752A2FF}</UniqueIdentifier>
      <Extensions>cpp;c;cc;cxx;c++;cppm;ixx;def;odl;idl;hpj;bat;asm;asmx</Extensions>
    </Filter>
    <Filter Include="헤더 파일">
      <UniqueIdentifier>{93995380-89BD-4b04-88EB-625FBE52EBFB}</UniqueIdentifier>
      <Extensions>h;hh;hpp;hxx;h++;hm;inl;inc;ipp;xsd</Extensions>
    </Filter>
    <Filter Include="리소스 파일">
      <UniqueIdentifier>{67DA6AB6-F800-4c08-8B7A-83BB121AAD01}</UniqueIdentifier>
      <Extensions>rc;ico;cur;bmp;dlg;rc2;rct;bin;rgs;gif;jpg;jpeg;jpe;resx;tiff;tif;png;wav;mfcribbon-ms</Extensions>
    </Filter>
    <Filter Include="00. MainGame">
      <UniqueIdentifier>{ee5c53ae-1d37-4cb4-aceb-9c9065db2d57}</UniqueIdentifier>
    </Filter>
    <Filter Include="01. Object">
      <UniqueIdentifier>{698fe9a0-8c7a-4159-8978-fbfcba247636}</UniqueIdentifier>
    </Filter>
    <Filter Include="01. Object\00. Character">
      <UniqueIdentifier>{7292da96-efe7-4906-b579-78e92ddd96e9}</UniqueIdentifier>
    </Filter>
    <Filter Include="01. Object\00. Character\00. Player">
      <UniqueIdentifier>{37982540-b74c-4580-a744-abf137812321}</UniqueIdentifier>
    </Filter>
    <Filter Include="01. Object\00. Character\01. Enemy">
      <UniqueIdentifier>{c2c4c557-2082-48b1-bab2-2ac3c6bd0d8d}</UniqueIdentifier>
    </Filter>
    <Filter Include="02. Design">
      <UniqueIdentifier>{2078cfa2-1620-4627-8659-f7ce449c96b6}</UniqueIdentifier>
    </Filter>
    <Filter Include="02. Design\00. ObjectManager">
      <UniqueIdentifier>{a118749d-a6ed-4c11-9704-339aea753a22}</UniqueIdentifier>
    </Filter>
    <Filter Include="02. Design\02. KeyManager">
      <UniqueIdentifier>{4fe69717-f580-406d-803b-5d64b04cc947}</UniqueIdentifier>
    </Filter>
    <Filter Include="02. Design\03. ScrollManager">
      <UniqueIdentifier>{8c874d78-6dd4-475a-bd91-3aada7b8b57c}</UniqueIdentifier>
    </Filter>
    <Filter Include="02. Design\04. BmpManager">
      <UniqueIdentifier>{b6a78fed-1911-4d67-81cd-b7b5281c59c1}</UniqueIdentifier>
    </Filter>
    <Filter Include="02. Design\04. BmpManager\MyBmp">
      <UniqueIdentifier>{11823672-e88b-426e-821b-06e01c7398f3}</UniqueIdentifier>
    </Filter>
    <Filter Include="02. Design\05. SceneManager">
      <UniqueIdentifier>{3df5fb53-bd86-49b4-a82b-7e9b528f2b9a}</UniqueIdentifier>
    </Filter>
    <Filter Include="02. Design\06. UIManager">
      <UniqueIdentifier>{5ba96c3f-ffc6-47f9-bc59-56aed3482720}</UniqueIdentifier>
    </Filter>
    <Filter Include="02. Design\07. TimeManager">
      <UniqueIdentifier>{786dc034-1238-4e13-be8b-c4671a614ed7}</UniqueIdentifier>
    </Filter>
    <Filter Include="03. Component">
      <UniqueIdentifier>{ad8e77df-2cf0-44a1-abaf-da7d59634de6}</UniqueIdentifier>
    </Filter>
    <Filter Include="03. Component\00. Collider">
      <UniqueIdentifier>{855c986a-23e8-409c-97be-53c074796eff}</UniqueIdentifier>
    </Filter>
    <Filter Include="02. Design\08. TileManager">
      <UniqueIdentifier>{18597b77-6fc5-42d7-ab63-fed9b4397710}</UniqueIdentifier>
    </Filter>
    <Filter Include="02. Design\08. TileManager\Tile">
      <UniqueIdentifier>{a48d2636-202b-498d-a1f0-7716c9a13bf9}</UniqueIdentifier>
    </Filter>
    <Filter Include="01. Object\05. Button">
      <UniqueIdentifier>{24915f15-14f2-4c62-b081-8d6197254379}</UniqueIdentifier>
    </Filter>
    <Filter Include="04. Scene">
      <UniqueIdentifier>{a1eae43d-4f6b-4f4e-b238-e8487bb2f89d}</UniqueIdentifier>
    </Filter>
    <Filter Include="04. Scene\00. Menu">
      <UniqueIdentifier>{20e5260a-4c13-4950-9634-e6236122786a}</UniqueIdentifier>
    </Filter>
    <Filter Include="04. Scene\01. Loading">
      <UniqueIdentifier>{81445be3-73e7-48fc-8f63-83a1ff3fedc2}</UniqueIdentifier>
    </Filter>
    <Filter Include="04. Scene\02. Play">
      <UniqueIdentifier>{4eb3cb10-bc93-4526-8055-8cd5a4e354ba}</UniqueIdentifier>
    </Filter>
    <Filter Include="04. Scene\03. Edit">
      <UniqueIdentifier>{7d845669-f5a1-4d8a-9a7e-1b1a2172786f}</UniqueIdentifier>
    </Filter>
    <Filter Include="01. Object\00. Character\01. Enemy\01. Tower">
      <UniqueIdentifier>{881ceefb-6d7e-4753-8741-5fec6c947712}</UniqueIdentifier>
    </Filter>
    <Filter Include="01. Object\00. Character\01. Enemy\01. Tower\00. Nexus">
      <UniqueIdentifier>{cbb8ea50-b32b-4250-804e-6e8e885b9dc7}</UniqueIdentifier>
    </Filter>
    <Filter Include="01. Object\00. Character\01. Enemy\01. Tower\01. Turret">
      <UniqueIdentifier>{7ffeee0c-58f0-469d-9792-d27a25cb28c1}</UniqueIdentifier>
    </Filter>
    <Filter Include="01. Object\00. Character\01. Enemy\01. Tower\02. Inhivibtor">
      <UniqueIdentifier>{a8b006b1-a2c8-46ae-abed-091b3d714e04}</UniqueIdentifier>
    </Filter>
    <Filter Include="02. Design\08. TileManager\Tile\SpawnTile">
      <UniqueIdentifier>{24b4ad41-cc7e-4b1a-84eb-415ac365240e}</UniqueIdentifier>
    </Filter>
    <Filter Include="02. Design\08. TileManager\Tile\SpawnTile\SpawnNexus">
      <UniqueIdentifier>{2f072944-9f59-4d5a-b0a3-5a3ab33ba776}</UniqueIdentifier>
    </Filter>
    <Filter Include="02. Design\08. TileManager\Tile\SpawnTile\SpawnTurret">
      <UniqueIdentifier>{88ff14e2-19a6-4d38-8eee-24d09c483ca5}</UniqueIdentifier>
    </Filter>
    <Filter Include="02. Design\08. TileManager\Tile\SpawnTile\SpawnInhibitor">
      <UniqueIdentifier>{b2c47bf6-dc6b-4116-b16f-074eb99177c8}</UniqueIdentifier>
    </Filter>
    <Filter Include="01. Object\00. Character\01. Enemy\00. Minion">
      <UniqueIdentifier>{14beedfe-2f58-42f2-a619-9d7a8ffba469}</UniqueIdentifier>
    </Filter>
    <Filter Include="02. Design\10. CollisionManager">
      <UniqueIdentifier>{4cf0d6ae-290d-4870-a895-8e95294f4f46}</UniqueIdentifier>
    </Filter>
    <Filter Include="02. Design\09. AStarManager">
      <UniqueIdentifier>{a71b2e1d-6539-4124-8d07-0fa00eed1a3c}</UniqueIdentifier>
    </Filter>
    <Filter Include="02. Design\09. AStarManager\AStarNode">
      <UniqueIdentifier>{cc260277-7e8d-4b96-9064-5e79465d9962}</UniqueIdentifier>
    </Filter>
    <Filter Include="02. Design\01. ColliderManager">
      <UniqueIdentifier>{c98beb59-a415-4a3d-b1c1-dbddf556bf6e}</UniqueIdentifier>
    </Filter>
    <Filter Include="01. Object\01. Weapon">
      <UniqueIdentifier>{dbda1a57-a8b2-49c1-9dae-2d7f0b4a30b1}</UniqueIdentifier>
    </Filter>
    <Filter Include="01. Object\01. Weapon\00. Melee">
      <UniqueIdentifier>{f4d603c5-99cd-4614-89a3-0476cfcdca78}</UniqueIdentifier>
    </Filter>
    <Filter Include="02. Design\11. PeekingManager">
      <UniqueIdentifier>{ab64632d-c5ae-4b14-a74b-bac6db051f90}</UniqueIdentifier>
    </Filter>
    <Filter Include="01. Object\02. Effect">
      <UniqueIdentifier>{7c301d66-d586-4902-9b0a-f49959eb5dc1}</UniqueIdentifier>
    </Filter>
    <Filter Include="01. Object\01. Weapon\01. Ranged">
      <UniqueIdentifier>{923f1979-35ca-403f-9979-a611430e5dae}</UniqueIdentifier>
    </Filter>
    <Filter Include="01. Object\01. Weapon\01. Ranged\00. Bullet">
      <UniqueIdentifier>{203a8ce3-e613-4089-8355-a6667de9ceda}</UniqueIdentifier>
    </Filter>
    <Filter Include="01. Object\00. Character\00. Player\00. Skill">
      <UniqueIdentifier>{c2b80ad5-4e76-47ad-8134-81cd0833900f}</UniqueIdentifier>
    </Filter>
    <Filter Include="01. Object\00. Character\00. Player\00. Skill\00. Swordman">
      <UniqueIdentifier>{a61fe5cb-a6d2-4793-af32-74b3f6fd5231}</UniqueIdentifier>
    </Filter>
    <Filter Include="01. Object\00. Character\00. Player\00. Skill\01. Acher">
      <UniqueIdentifier>{72013ebb-455b-41a1-9c65-0821dd4dfee6}</UniqueIdentifier>
    </Filter>
    <Filter Include="01. Object\03. HitBox">
      <UniqueIdentifier>{6b90272a-baec-4510-b6ff-507c43cf593d}</UniqueIdentifier>
    </Filter>
    <Filter Include="05. DTO">
      <UniqueIdentifier>{31f74abf-784e-4415-afb5-b9d09cfe3b89}</UniqueIdentifier>
    </Filter>
    <Filter Include="02. Design\12. TcpManager">
      <UniqueIdentifier>{e492b0d8-d621-45a5-b0f5-a48deabe0a26}</UniqueIdentifier>
    </Filter>
  </ItemGroup>
  <ItemGroup>
    <ClInclude Include="framework.h">
      <Filter>헤더 파일</Filter>
    </ClInclude>
    <ClInclude Include="targetver.h">
      <Filter>헤더 파일</Filter>
    </ClInclude>
    <ClInclude Include="Resource.h">
      <Filter>헤더 파일</Filter>
    </ClInclude>
    <ClInclude Include="Jusin_api_demo_editor.h">
      <Filter>헤더 파일</Filter>
    </ClInclude>
    <ClInclude Include="pch.h">
      <Filter>헤더 파일</Filter>
    </ClInclude>
    <ClInclude Include="..\Jusin_api_demo\CEnemy.h">
      <Filter>01. Object\00. Character\01. Enemy</Filter>
    </ClInclude>
    <ClInclude Include="CMainGame.h">
      <Filter>00. MainGame</Filter>
    </ClInclude>
    <ClInclude Include="CObject.h">
      <Filter>01. Object</Filter>
    </ClInclude>
    <ClInclude Include="CCharacter.h">
      <Filter>01. Object\00. Character</Filter>
    </ClInclude>
    <ClInclude Include="CPlayer.h">
      <Filter>01. Object\00. Character\00. Player</Filter>
    </ClInclude>
    <ClInclude Include="CMinion.h">
      <Filter>01. Object\00. Character\01. Enemy\00. Minion</Filter>
    </ClInclude>
    <ClInclude Include="CTower.h">
      <Filter>01. Object\00. Character\01. Enemy\01. Tower</Filter>
    </ClInclude>
    <ClInclude Include="CObjectManager.h">
      <Filter>02. Design\00. ObjectManager</Filter>
    </ClInclude>
    <ClInclude Include="CColliderManager.h">
      <Filter>02. Design\01. ColliderManager</Filter>
    </ClInclude>
    <ClInclude Include="CKeyManager.h">
      <Filter>02. Design\02. KeyManager</Filter>
    </ClInclude>
    <ClInclude Include="CScrollManager.h">
      <Filter>02. Design\03. ScrollManager</Filter>
    </ClInclude>
    <ClInclude Include="CBmpManager.h">
      <Filter>02. Design\04. BmpManager</Filter>
    </ClInclude>
    <ClInclude Include="CMyBmp.h">
      <Filter>02. Design\04. BmpManager\MyBmp</Filter>
    </ClInclude>
    <ClInclude Include="CSceneManager.h">
      <Filter>02. Design\05. SceneManager</Filter>
    </ClInclude>
    <ClInclude Include="CUIManager.h">
      <Filter>02. Design\06. UIManager</Filter>
    </ClInclude>
    <ClInclude Include="CTimeManager.h">
      <Filter>02. Design\07. TimeManager</Filter>
    </ClInclude>
    <ClInclude Include="CComponent.h">
      <Filter>03. Component</Filter>
    </ClInclude>
    <ClInclude Include="CCollider.h">
      <Filter>03. Component\00. Collider</Filter>
    </ClInclude>
    <ClInclude Include="Define.h">
      <Filter>헤더 파일</Filter>
    </ClInclude>
    <ClInclude Include="Struct.h">
      <Filter>헤더 파일</Filter>
    </ClInclude>
    <ClInclude Include="CTileManager.h">
      <Filter>02. Design\08. TileManager</Filter>
    </ClInclude>
    <ClInclude Include="CTile.h">
      <Filter>02. Design\08. TileManager\Tile</Filter>
    </ClInclude>
    <ClInclude Include="CButton.h">
      <Filter>01. Object\05. Button</Filter>
    </ClInclude>
    <ClInclude Include="CMenu.h">
      <Filter>04. Scene\00. Menu</Filter>
    </ClInclude>
    <ClInclude Include="CEdit.h">
      <Filter>04. Scene\03. Edit</Filter>
    </ClInclude>
    <ClInclude Include="CScene.h">
      <Filter>04. Scene</Filter>
    </ClInclude>
    <ClInclude Include="CPlay.h">
      <Filter>04. Scene\02. Play</Filter>
    </ClInclude>
    <ClInclude Include="CAStarManager.h">
      <Filter>02. Design\09. AStarManager</Filter>
    </ClInclude>
    <ClInclude Include="AStarNode.h">
      <Filter>02. Design\09. AStarManager\AStarNode</Filter>
    </ClInclude>
    <ClInclude Include="CNexus.h">
      <Filter>01. Object\00. Character\01. Enemy\01. Tower\00. Nexus</Filter>
    </ClInclude>
    <ClInclude Include="CInhibitor.h">
      <Filter>01. Object\00. Character\01. Enemy\01. Tower\02. Inhivibtor</Filter>
    </ClInclude>
    <ClInclude Include="CTurret.h">
      <Filter>01. Object\00. Character\01. Enemy\01. Tower\01. Turret</Filter>
    </ClInclude>
    <ClInclude Include="CSpawnTile.h">
      <Filter>02. Design\08. TileManager\Tile\SpawnTile</Filter>
    </ClInclude>
    <ClInclude Include="CSpawnNexus.h">
      <Filter>02. Design\08. TileManager\Tile\SpawnTile\SpawnNexus</Filter>
    </ClInclude>
    <ClInclude Include="CSpawnTurret.h">
      <Filter>02. Design\08. TileManager\Tile\SpawnTile\SpawnTurret</Filter>
    </ClInclude>
    <ClInclude Include="CSpawnInhibitor.h">
      <Filter>02. Design\08. TileManager\Tile\SpawnTile\SpawnInhibitor</Filter>
    </ClInclude>
    <ClInclude Include="CCommonTile.h">
      <Filter>02. Design\08. TileManager\Tile</Filter>
    </ClInclude>
    <ClInclude Include="CCollisionManager.h">
      <Filter>02. Design\10. CollisionManager</Filter>
    </ClInclude>
    <ClInclude Include="CPeekingManager.h">
      <Filter>02. Design\11. PeekingManager</Filter>
    </ClInclude>
    <ClInclude Include="CWeapon.h">
      <Filter>01. Object\01. Weapon</Filter>
    </ClInclude>
    <ClInclude Include="CMelee.h">
      <Filter>01. Object\01. Weapon\00. Melee</Filter>
    </ClInclude>
    <ClInclude Include="CEffect.h">
      <Filter>01. Object\02. Effect</Filter>
    </ClInclude>
    <ClInclude Include="CRanged.h">
      <Filter>01. Object\01. Weapon\01. Ranged</Filter>
    </ClInclude>
    <ClInclude Include="CBullet.h">
      <Filter>01. Object\01. Weapon\01. Ranged\00. Bullet</Filter>
    </ClInclude>
    <ClInclude Include="CSkillSwordman.h">
      <Filter>01. Object\00. Character\00. Player\00. Skill\00. Swordman</Filter>
    </ClInclude>
    <ClInclude Include="CSkill.h">
      <Filter>01. Object\00. Character\00. Player\00. Skill</Filter>
    </ClInclude>
    <ClInclude Include="CHitBox.h">
      <Filter>01. Object\03. HitBox</Filter>
    </ClInclude>
    <ClInclude Include="CUltSwordman.h">
      <Filter>01. Object\00. Character\00. Player\00. Skill\00. Swordman</Filter>
    </ClInclude>
    <ClInclude Include="json.hpp">
      <Filter>헤더 파일</Filter>
    </ClInclude>
    <ClInclude Include="DTOPlayer.h">
      <Filter>05. DTO</Filter>
    </ClInclude>
    <ClInclude Include="CTcpManager.h">
      <Filter>02. Design\12. TcpManager</Filter>
    </ClInclude>
    <ClInclude Include="CLoading.h">
      <Filter>04. Scene\01. Loading</Filter>
    </ClInclude>
  </ItemGroup>
  <ItemGroup>
    <ClCompile Include="Jusin_api_demo_editor.cpp">
      <Filter>소스 파일</Filter>
    </ClCompile>
    <ClCompile Include="pch.cpp">
      <Filter>소스 파일</Filter>
    </ClCompile>
    <ClCompile Include="..\Jusin_api_demo\CEnemy.cpp">
      <Filter>01. Object\00. Character\01. Enemy</Filter>
    </ClCompile>
    <ClCompile Include="CMainGame.cpp">
      <Filter>00. MainGame</Filter>
    </ClCompile>
    <ClCompile Include="CObject.cpp">
      <Filter>01. Object</Filter>
    </ClCompile>
    <ClCompile Include="CCharacter.cpp">
      <Filter>01. Object\00. Character</Filter>
    </ClCompile>
    <ClCompile Include="CPlayer.cpp">
      <Filter>01. Object\00. Character\00. Player</Filter>
    </ClCompile>
    <ClCompile Include="CMinion.cpp">
      <Filter>01. Object\00. Character\01. Enemy\00. Minion</Filter>
    </ClCompile>
    <ClCompile Include="CTower.cpp">
      <Filter>01. Object\00. Character\01. Enemy\01. Tower</Filter>
    </ClCompile>
    <ClCompile Include="CObjectManager.cpp">
      <Filter>02. Design\00. ObjectManager</Filter>
    </ClCompile>
    <ClCompile Include="CColliderManager.cpp">
      <Filter>02. Design\01. ColliderManager</Filter>
    </ClCompile>
    <ClCompile Include="CKeyManager.cpp">
      <Filter>02. Design\02. KeyManager</Filter>
    </ClCompile>
    <ClCompile Include="CScrollManager.cpp">
      <Filter>02. Design\03. ScrollManager</Filter>
    </ClCompile>
    <ClCompile Include="CBmpManager.cpp">
      <Filter>02. Design\04. BmpManager</Filter>
    </ClCompile>
    <ClCompile Include="CMyBmp.cpp">
      <Filter>02. Design\04. BmpManager\MyBmp</Filter>
    </ClCompile>
    <ClCompile Include="CSceneManager.cpp">
      <Filter>02. Design\05. SceneManager</Filter>
    </ClCompile>
    <ClCompile Include="CUIManager.cpp">
      <Filter>02. Design\06. UIManager</Filter>
    </ClCompile>
    <ClCompile Include="CTimeManager.cpp">
      <Filter>02. Design\07. TimeManager</Filter>
    </ClCompile>
    <ClCompile Include="CComponent.cpp">
      <Filter>03. Component</Filter>
    </ClCompile>
    <ClCompile Include="CCollider.cpp">
      <Filter>03. Component\00. Collider</Filter>
    </ClCompile>
    <ClCompile Include="CTileManager.cpp">
      <Filter>02. Design\08. TileManager</Filter>
    </ClCompile>
    <ClCompile Include="CTile.cpp">
      <Filter>02. Design\08. TileManager\Tile</Filter>
    </ClCompile>
    <ClCompile Include="CButton.cpp">
      <Filter>01. Object\05. Button</Filter>
    </ClCompile>
    <ClCompile Include="CMenu.cpp">
      <Filter>04. Scene\00. Menu</Filter>
    </ClCompile>
    <ClCompile Include="CEdit.cpp">
      <Filter>04. Scene\03. Edit</Filter>
    </ClCompile>
    <ClCompile Include="CScene.cpp">
      <Filter>04. Scene</Filter>
    </ClCompile>
    <ClCompile Include="CPlay.cpp">
      <Filter>04. Scene\02. Play</Filter>
    </ClCompile>
    <ClCompile Include="CAStarManager.cpp">
      <Filter>02. Design\09. AStarManager</Filter>
    </ClCompile>
    <ClCompile Include="AStarNode.cpp">
      <Filter>02. Design\09. AStarManager\AStarNode</Filter>
    </ClCompile>
    <ClCompile Include="CNexus.cpp">
      <Filter>01. Object\00. Character\01. Enemy\01. Tower\00. Nexus</Filter>
    </ClCompile>
    <ClCompile Include="CInhibitor.cpp">
      <Filter>01. Object\00. Character\01. Enemy\01. Tower\02. Inhivibtor</Filter>
    </ClCompile>
    <ClCompile Include="CTurret.cpp">
      <Filter>01. Object\00. Character\01. Enemy\01. Tower\01. Turret</Filter>
    </ClCompile>
    <ClCompile Include="CSpawnTile.cpp">
      <Filter>02. Design\08. TileManager\Tile\SpawnTile</Filter>
    </ClCompile>
    <ClCompile Include="CSpawnNexus.cpp">
      <Filter>02. Design\08. TileManager\Tile\SpawnTile\SpawnNexus</Filter>
    </ClCompile>
    <ClCompile Include="CSpawnTurret.cpp">
      <Filter>02. Design\08. TileManager\Tile\SpawnTile\SpawnTurret</Filter>
    </ClCompile>
    <ClCompile Include="CSpawnInhibitor.cpp">
      <Filter>02. Design\08. TileManager\Tile\SpawnTile\SpawnInhibitor</Filter>
    </ClCompile>
    <ClCompile Include="CCommonTile.cpp">
      <Filter>02. Design\08. TileManager\Tile</Filter>
    </ClCompile>
    <ClCompile Include="CCollisionManager.cpp">
      <Filter>02. Design\10. CollisionManager</Filter>
    </ClCompile>
    <ClCompile Include="CPeekingManager.cpp">
      <Filter>02. Design\11. PeekingManager</Filter>
    </ClCompile>
    <ClCompile Include="CWeapon.cpp">
      <Filter>01. Object\01. Weapon</Filter>
    </ClCompile>
    <ClCompile Include="CMelee.cpp">
      <Filter>01. Object\01. Weapon\00. Melee</Filter>
    </ClCompile>
    <ClCompile Include="CEffect.cpp">
      <Filter>01. Object\02. Effect</Filter>
    </ClCompile>
    <ClCompile Include="CRanged.cpp">
      <Filter>01. Object\01. Weapon\01. Ranged</Filter>
    </ClCompile>
    <ClCompile Include="CBullet.cpp">
      <Filter>01. Object\01. Weapon\01. Ranged\00. Bullet</Filter>
    </ClCompile>
    <ClCompile Include="CSkillSwordman.cpp">
      <Filter>01. Object\00. Character\00. Player\00. Skill\00. Swordman</Filter>
    </ClCompile>
    <ClCompile Include="CSkill.cpp">
      <Filter>01. Object\00. Character\00. Player\00. Skill</Filter>
    </ClCompile>
    <ClCompile Include="CHitBox.cpp">
      <Filter>01. Object\03. HitBox</Filter>
    </ClCompile>
    <ClCompile Include="CUltSwordman.cpp">
      <Filter>01. Object\00. Character\00. Player\00. Skill\00. Swordman</Filter>
    </ClCompile>
    <ClCompile Include="CTcpManager.cpp">
      <Filter>02. Design\12. TcpManager</Filter>
    </ClCompile>
    <ClCompile Include="DTOConnectInfo.h">
      <Filter>05. DTO</Filter>
    </ClCompile>
    <ClCompile Include="CLoading.cpp">
      <Filter>04. Scene\01. Loading</Filter>
    </ClCompile>
  </ItemGroup>
  <ItemGroup>
    <ResourceCompile Include="Jusin_api_demo_editor.rc">
      <Filter>리소스 파일</Filter>
    </ResourceCompile>
  </ItemGroup>
  <ItemGroup>
    <Image Include="small.ico">
      <Filter>리소스 파일</Filter>
    </Image>
    <Image Include="Jusin_api_demo_editor.ico">
      <Filter>리소스 파일</Filter>
    </Image>
  </ItemGroup>
</Project>